
Microsoft Visual Studio Solution File, Format Version 12.00
Project("{FAE04EC0-301F-11D3-BF4B-00C04F79EFBC}") = "FileUpload", "FileUpload\FileUpload.csproj", "{DE14EC54-92E0-42F4-BCDE-6EEE6FEC1C47}"
EndProject
Global
	GlobalSection(SolutionConfigurationPlatforms) = preSolution
		Debug|Any CPU = Debug|Any CPU
		Release|Any CPU = Release|Any CPU
	EndGlobalSection
	GlobalSection(ProjectConfigurationPlatforms) = postSolution
		{DE14EC54-92E0-42F4-BCDE-6EEE6FEC1C47}.Debug|Any CPU.ActiveCfg = Debug|Any CPU
		{DE14EC54-92E0-42F4-BCDE-6EEE6FEC1C47}.Debug|Any CPU.Build.0 = Debug|Any CPU
		{DE14EC54-92E0-42F4-BCDE-6EEE6FEC1C47}.Release|Any CPU.ActiveCfg = Release|Any CPU
		{DE14EC54-92E0-42F4-BCDE-6EEE6FEC1C47}.Release|Any CPU.Build.0 = Release|Any CPU
	EndGlobalSection
EndGlobal
